
Microsoft Visual Studio Solution File, Format Version 12.00
# Visual Studio 15
VisualStudioVersion = 15.0.28307.645
MinimumVisualStudioVersion = 10.0.40219.1
Project("{FAE04EC0-301F-11D3-BF4B-00C04F79EFBC}") = "SSE", "SSE\SSE.csproj", "{571B7D11-0F30-4EB0-B159-45032F33BFA6}"
EndProject
Global
	GlobalSection(SolutionConfigurationPlatforms) = preSolution
		Debug|Any CPU = Debug|Any CPU
		Release|Any CPU = Release|Any CPU
	EndGlobalSection
	GlobalSection(ProjectConfigurationPlatforms) = postSolution
		{571B7D11-0F30-4EB0-B159-45032F33BFA6}.Debug|Any CPU.ActiveCfg = Debug|Any CPU
		{571B7D11-0F30-4EB0-B159-45032F33BFA6}.Debug|Any CPU.Build.0 = Debug|Any CPU
		{571B7D11-0F30-4EB0-B159-45032F33BFA6}.Release|Any CPU.ActiveCfg = Release|Any CPU
		{571B7D11-0F30-4EB0-B159-45032F33BFA6}.Release|Any CPU.Build.0 = Release|Any CPU
	EndGlobalSection
	GlobalSection(SolutionProperties) = preSolution
		HideSolutionNode = FALSE
	EndGlobalSection
	GlobalSection(ExtensibilityGlobals) = postSolution
		SolutionGuid = {A6514E0F-51CF-4582-8901-FBFE8240B55B}
	EndGlobalSection
EndGlobal
